# This file is generated by running "yarn install" inside your project.
# Manual changes might be lost - proceed with caution!

__metadata:
  version: 8
  cacheKey: 10

"@esbuild/android-arm64@npm:0.19.7":
  version: 0.19.7
  resolution: "@esbuild/android-arm64@npm:0.19.7"
  conditions: os=android & cpu=arm64
  languageName: node
  linkType: hard

"@esbuild/android-arm@npm:0.19.7":
  version: 0.19.7
  resolution: "@esbuild/android-arm@npm:0.19.7"
  conditions: os=android & cpu=arm
  languageName: node
  linkType: hard

"@esbuild/android-x64@npm:0.19.7":
  version: 0.19.7
  resolution: "@esbuild/android-x64@npm:0.19.7"
  conditions: os=android & cpu=x64
  languageName: node
  linkType: hard

"@esbuild/darwin-arm64@npm:0.19.7":
  version: 0.19.7
  resolution: "@esbuild/darwin-arm64@npm:0.19.7"
  conditions: os=darwin & cpu=arm64
  languageName: node
  linkType: hard

"@esbuild/darwin-x64@npm:0.19.7":
  version: 0.19.7
  resolution: "@esbuild/darwin-x64@npm:0.19.7"
  conditions: os=darwin & cpu=x64
  languageName: node
  linkType: hard

"@esbuild/freebsd-arm64@npm:0.19.7":
  version: 0.19.7
  resolution: "@esbuild/freebsd-arm64@npm:0.19.7"
  conditions: os=freebsd & cpu=arm64
  languageName: node
  linkType: hard

"@esbuild/freebsd-x64@npm:0.19.7":
  version: 0.19.7
  resolution: "@esbuild/freebsd-x64@npm:0.19.7"
  conditions: os=freebsd & cpu=x64
  languageName: node
  linkType: hard

"@esbuild/linux-arm64@npm:0.19.7":
  version: 0.19.7
  resolution: "@esbuild/linux-arm64@npm:0.19.7"
  conditions: os=linux & cpu=arm64
  languageName: node
  linkType: hard

"@esbuild/linux-arm@npm:0.19.7":
  version: 0.19.7
  resolution: "@esbuild/linux-arm@npm:0.19.7"
  conditions: os=linux & cpu=arm
  languageName: node
  linkType: hard

"@esbuild/linux-ia32@npm:0.19.7":
  version: 0.19.7
  resolution: "@esbuild/linux-ia32@npm:0.19.7"
  conditions: os=linux & cpu=ia32
  languageName: node
  linkType: hard

"@esbuild/linux-loong64@npm:0.19.7":
  version: 0.19.7
  resolution: "@esbuild/linux-loong64@npm:0.19.7"
  conditions: os=linux & cpu=loong64
  languageName: node
  linkType: hard

"@esbuild/linux-mips64el@npm:0.19.7":
  version: 0.19.7
  resolution: "@esbuild/linux-mips64el@npm:0.19.7"
  conditions: os=linux & cpu=mips64el
  languageName: node
  linkType: hard

"@esbuild/linux-ppc64@npm:0.19.7":
  version: 0.19.7
  resolution: "@esbuild/linux-ppc64@npm:0.19.7"
  conditions: os=linux & cpu=ppc64
  languageName: node
  linkType: hard

"@esbuild/linux-riscv64@npm:0.19.7":
  version: 0.19.7
  resolution: "@esbuild/linux-riscv64@npm:0.19.7"
  conditions: os=linux & cpu=riscv64
  languageName: node
  linkType: hard

"@esbuild/linux-s390x@npm:0.19.7":
  version: 0.19.7
  resolution: "@esbuild/linux-s390x@npm:0.19.7"
  conditions: os=linux & cpu=s390x
  languageName: node
  linkType: hard

"@esbuild/linux-x64@npm:0.19.7":
  version: 0.19.7
  resolution: "@esbuild/linux-x64@npm:0.19.7"
  conditions: os=linux & cpu=x64
  languageName: node
  linkType: hard

"@esbuild/netbsd-x64@npm:0.19.7":
  version: 0.19.7
  resolution: "@esbuild/netbsd-x64@npm:0.19.7"
  conditions: os=netbsd & cpu=x64
  languageName: node
  linkType: hard

"@esbuild/openbsd-x64@npm:0.19.7":
  version: 0.19.7
  resolution: "@esbuild/openbsd-x64@npm:0.19.7"
  conditions: os=openbsd & cpu=x64
  languageName: node
  linkType: hard

"@esbuild/sunos-x64@npm:0.19.7":
  version: 0.19.7
  resolution: "@esbuild/sunos-x64@npm:0.19.7"
  conditions: os=sunos & cpu=x64
  languageName: node
  linkType: hard

"@esbuild/win32-arm64@npm:0.19.7":
  version: 0.19.7
  resolution: "@esbuild/win32-arm64@npm:0.19.7"
  conditions: os=win32 & cpu=arm64
  languageName: node
  linkType: hard

"@esbuild/win32-ia32@npm:0.19.7":
  version: 0.19.7
  resolution: "@esbuild/win32-ia32@npm:0.19.7"
  conditions: os=win32 & cpu=ia32
  languageName: node
  linkType: hard

"@esbuild/win32-x64@npm:0.19.7":
  version: 0.19.7
  resolution: "@esbuild/win32-x64@npm:0.19.7"
  conditions: os=win32 & cpu=x64
  languageName: node
  linkType: hard

"@types/node@npm:^20.8.10":
  version: 20.8.10
  resolution: "@types/node@npm:20.8.10"
  dependencies:
    undici-types: "npm:~5.26.4"
  checksum: 8930039077c8ad74de74c724909412bea8110c3f8892bcef8dda3e9629073bed65632ee755f94b252bcdae8ca71cf83e89a4a440a105e2b1b7c9797b43483049
  languageName: node
  linkType: hard

"@types/prop-types@npm:*":
  version: 15.7.9
  resolution: "@types/prop-types@npm:15.7.9"
  checksum: c7591d3ff7593e243908a07e1d3e2bb6e8879008af5800d8378115a90d0fdf669a1cae72a6d7f69e59c4fa7bb4c8ed61f6ebc1c520fe110c6f2b03ac02414072
  languageName: node
  linkType: hard

"@types/react-dom@npm:^18.2.14":
  version: 18.2.14
  resolution: "@types/react-dom@npm:18.2.14"
  dependencies:
    "@types/react": "npm:*"
  checksum: c7feb6542dbeb3de18c9c03260229377e0a0d47a3d2c0bb91861996e2353375a45c57de7216edb8b88448584e363677244bd4355ddec45c243e70e777c2a150b
  languageName: node
  linkType: hard

"@types/react@npm:*, @types/react@npm:^18.2.33":
  version: 18.2.34
  resolution: "@types/react@npm:18.2.34"
  dependencies:
    "@types/prop-types": "npm:*"
    "@types/scheduler": "npm:*"
    csstype: "npm:^3.0.2"
  checksum: 6d16f86b384e829edc3710b1dd9ec4eb1d6b26bc079c5cf605bd0cbf77ae6224f15c76949afadb7f53df4544cfe4025c1111fbe36732cd7f660a320fbc2e5866
  languageName: node
  linkType: hard

"@types/scheduler@npm:*":
  version: 0.16.5
  resolution: "@types/scheduler@npm:0.16.5"
  checksum: 5aae67331bb7877edc65f77f205fb03c3808d9e51c186afe26945ce69f4072886629580a751e9ce8573e4a7538d0dfa1e4ce388c7c451fa689a4c592fdf1ea45
  languageName: node
  linkType: hard

"csstype@npm:^3.0.2":
  version: 3.1.2
  resolution: "csstype@npm:3.1.2"
  checksum: 1f39c541e9acd9562996d88bc9fb62d1cb234786ef11ed275567d4b2bd82e1ceacde25debc8de3d3b4871ae02c2933fa02614004c97190711caebad6347debc2
  languageName: node
  linkType: hard

"dotenv@npm:^16.3.1":
  version: 16.3.1
  resolution: "dotenv@npm:16.3.1"
  checksum: dbb778237ef8750e9e3cd1473d3c8eaa9cc3600e33a75c0e36415d0fa0848197f56c3800f77924c70e7828f0b03896818cd52f785b07b9ad4d88dba73fbba83f
  languageName: node
  linkType: hard

"esbuild-plugin-alias-path@npm:^2.0.2":
  version: 2.0.2
  resolution: "esbuild-plugin-alias-path@npm:2.0.2"
  dependencies:
    find-up: "npm:5.0.0"
    fs-extra: "npm:^10.1.0"
    jsonfile: "npm:^6.1.0"
  peerDependencies:
    esbuild: ">= 0.14.0"
  checksum: 23b2f5f1737320c6474f666ae88f34bfc58ff1cb9c3aae07ef526554bd9a730e0ad130f66693ab626b1cf6ec783319be58ad8cf5fbac3f101883e82736d9cc99
  languageName: node
  linkType: hard

"esbuild-react-starter@workspace:.":
  version: 0.0.0-use.local
  resolution: "esbuild-react-starter@workspace:."
  dependencies:
    "@types/node": "npm:^20.8.10"
    "@types/react": "npm:^18.2.33"
    "@types/react-dom": "npm:^18.2.14"
    dotenv: "npm:^16.3.1"
    esbuild: "npm:^0.19.7"
    esbuild-plugin-alias-path: "npm:^2.0.2"
    fs-extra: "npm:^11.1.1"
    react: "npm:^18.2.0"
    react-dom: "npm:^18.2.0"
    typescript: "npm:^5.2.2"
  languageName: unknown
  linkType: soft

"esbuild@npm:^0.19.7":
  version: 0.19.7
  resolution: "esbuild@npm:0.19.7"
  dependencies:
    "@esbuild/android-arm": "npm:0.19.7"
    "@esbuild/android-arm64": "npm:0.19.7"
    "@esbuild/android-x64": "npm:0.19.7"
    "@esbuild/darwin-arm64": "npm:0.19.7"
    "@esbuild/darwin-x64": "npm:0.19.7"
    "@esbuild/freebsd-arm64": "npm:0.19.7"
    "@esbuild/freebsd-x64": "npm:0.19.7"
    "@esbuild/linux-arm": "npm:0.19.7"
    "@esbuild/linux-arm64": "npm:0.19.7"
    "@esbuild/linux-ia32": "npm:0.19.7"
    "@esbuild/linux-loong64": "npm:0.19.7"
    "@esbuild/linux-mips64el": "npm:0.19.7"
    "@esbuild/linux-ppc64": "npm:0.19.7"
    "@esbuild/linux-riscv64": "npm:0.19.7"
    "@esbuild/linux-s390x": "npm:0.19.7"
    "@esbuild/linux-x64": "npm:0.19.7"
    "@esbuild/netbsd-x64": "npm:0.19.7"
    "@esbuild/openbsd-x64": "npm:0.19.7"
    "@esbuild/sunos-x64": "npm:0.19.7"
    "@esbuild/win32-arm64": "npm:0.19.7"
    "@esbuild/win32-ia32": "npm:0.19.7"
    "@esbuild/win32-x64": "npm:0.19.7"
  dependenciesMeta:
    "@esbuild/android-arm":
      optional: true
    "@esbuild/android-arm64":
      optional: true
    "@esbuild/android-x64":
      optional: true
    "@esbuild/darwin-arm64":
      optional: true
    "@esbuild/darwin-x64":
      optional: true
    "@esbuild/freebsd-arm64":
      optional: true
    "@esbuild/freebsd-x64":
      optional: true
    "@esbuild/linux-arm":
      optional: true
    "@esbuild/linux-arm64":
      optional: true
    "@esbuild/linux-ia32":
      optional: true
    "@esbuild/linux-loong64":
      optional: true
    "@esbuild/linux-mips64el":
      optional: true
    "@esbuild/linux-ppc64":
      optional: true
    "@esbuild/linux-riscv64":
      optional: true
    "@esbuild/linux-s390x":
      optional: true
    "@esbuild/linux-x64":
      optional: true
    "@esbuild/netbsd-x64":
      optional: true
    "@esbuild/openbsd-x64":
      optional: true
    "@esbuild/sunos-x64":
      optional: true
    "@esbuild/win32-arm64":
      optional: true
    "@esbuild/win32-ia32":
      optional: true
    "@esbuild/win32-x64":
      optional: true
  bin:
    esbuild: bin/esbuild
  checksum: 326b9d98a77c5f2fb9a535b292bdc67c88bdfb4a19d29a221d65fd69f4800faea1f34947e8e6bc25ca3bd5db01f61c6968fec91f8c335e21e29b50330d90bd89
  languageName: node
  linkType: hard

"find-up@npm:5.0.0":
  version: 5.0.0
  resolution: "find-up@npm:5.0.0"
  dependencies:
    locate-path: "npm:^6.0.0"
    path-exists: "npm:^4.0.0"
  checksum: 07955e357348f34660bde7920783204ff5a26ac2cafcaa28bace494027158a97b9f56faaf2d89a6106211a8174db650dd9f503f9c0d526b1202d5554a00b9095
  languageName: node
  linkType: hard

"fs-extra@npm:^10.1.0":
  version: 10.1.0
  resolution: "fs-extra@npm:10.1.0"
  dependencies:
    graceful-fs: "npm:^4.2.0"
    jsonfile: "npm:^6.0.1"
    universalify: "npm:^2.0.0"
  checksum: 05ce2c3b59049bcb7b52001acd000e44b3c4af4ec1f8839f383ef41ec0048e3cfa7fd8a637b1bddfefad319145db89be91f4b7c1db2908205d38bf91e7d1d3b7
  languageName: node
  linkType: hard

"fs-extra@npm:^11.1.1":
  version: 11.1.1
  resolution: "fs-extra@npm:11.1.1"
  dependencies:
    graceful-fs: "npm:^4.2.0"
    jsonfile: "npm:^6.0.1"
    universalify: "npm:^2.0.0"
  checksum: c4e9fabf9762a70d1403316b7faa899f3d3303c8afa765b891c2210fdeba368461e04ae1203920b64ef6a7d066a39ab8cef2160b5ce8d1011bb4368688cd9bb7
  languageName: node
  linkType: hard

"graceful-fs@npm:^4.1.6, graceful-fs@npm:^4.2.0":
  version: 4.2.11
  resolution: "graceful-fs@npm:4.2.11"
  checksum: bf152d0ed1dc159239db1ba1f74fdbc40cb02f626770dcd5815c427ce0688c2635a06ed69af364396da4636d0408fcf7d4afdf7881724c3307e46aff30ca49e2
  languageName: node
  linkType: hard

"js-tokens@npm:^3.0.0 || ^4.0.0":
  version: 4.0.0
  resolution: "js-tokens@npm:4.0.0"
  checksum: af37d0d913fb56aec6dc0074c163cc71cd23c0b8aad5c2350747b6721d37ba118af35abdd8b33c47ec2800de07dedb16a527ca9c530ee004093e04958bd0cbf2
  languageName: node
  linkType: hard

"jsonfile@npm:^6.0.1, jsonfile@npm:^6.1.0":
  version: 6.1.0
  resolution: "jsonfile@npm:6.1.0"
  dependencies:
    graceful-fs: "npm:^4.1.6"
    universalify: "npm:^2.0.0"
  dependenciesMeta:
    graceful-fs:
      optional: true
  checksum: 03014769e7dc77d4cf05fa0b534907270b60890085dd5e4d60a382ff09328580651da0b8b4cdf44d91e4c8ae64d91791d965f05707beff000ed494a38b6fec85
  languageName: node
  linkType: hard

"locate-path@npm:^6.0.0":
  version: 6.0.0
  resolution: "locate-path@npm:6.0.0"
  dependencies:
    p-locate: "npm:^5.0.0"
  checksum: 72eb661788a0368c099a184c59d2fee760b3831c9c1c33955e8a19ae4a21b4116e53fa736dc086cdeb9fce9f7cc508f2f92d2d3aae516f133e16a2bb59a39f5a
  languageName: node
  linkType: hard

"loose-envify@npm:^1.1.0":
  version: 1.4.0
  resolution: "loose-envify@npm:1.4.0"
  dependencies:
    js-tokens: "npm:^3.0.0 || ^4.0.0"
  bin:
    loose-envify: cli.js
  checksum: 6517e24e0cad87ec9888f500c5b5947032cdfe6ef65e1c1936a0c48a524b81e65542c9c3edc91c97d5bddc806ee2a985dbc79be89215d613b1de5db6d1cfe6f4
  languageName: node
  linkType: hard

"p-limit@npm:^3.0.2":
  version: 3.1.0
  resolution: "p-limit@npm:3.1.0"
  dependencies:
    yocto-queue: "npm:^0.1.0"
  checksum: 7c3690c4dbf62ef625671e20b7bdf1cbc9534e83352a2780f165b0d3ceba21907e77ad63401708145ca4e25bfc51636588d89a8c0aeb715e6c37d1c066430360
  languageName: node
  linkType: hard

"p-locate@npm:^5.0.0":
  version: 5.0.0
  resolution: "p-locate@npm:5.0.0"
  dependencies:
    p-limit: "npm:^3.0.2"
  checksum: 1623088f36cf1cbca58e9b61c4e62bf0c60a07af5ae1ca99a720837356b5b6c5ba3eb1b2127e47a06865fee59dd0453cad7cc844cda9d5a62ac1a5a51b7c86d3
  languageName: node
  linkType: hard

"path-exists@npm:^4.0.0":
  version: 4.0.0
  resolution: "path-exists@npm:4.0.0"
  checksum: 505807199dfb7c50737b057dd8d351b82c033029ab94cb10a657609e00c1bc53b951cfdbccab8de04c5584d5eff31128ce6afd3db79281874a5ef2adbba55ed1
  languageName: node
  linkType: hard

"react-dom@npm:^18.2.0":
  version: 18.2.0
  resolution: "react-dom@npm:18.2.0"
  dependencies:
    loose-envify: "npm:^1.1.0"
    scheduler: "npm:^0.23.0"
  peerDependencies:
    react: ^18.2.0
  checksum: ca5e7762ec8c17a472a3605b6f111895c9f87ac7d43a610ab7024f68cd833d08eda0625ce02ec7178cc1f3c957cf0b9273cdc17aa2cd02da87544331c43b1d21
  languageName: node
  linkType: hard

"react@npm:^18.2.0":
  version: 18.2.0
  resolution: "react@npm:18.2.0"
  dependencies:
    loose-envify: "npm:^1.1.0"
  checksum: b9214a9bd79e99d08de55f8bef2b7fc8c39630be97c4e29d7be173d14a9a10670b5325e94485f74cd8bff4966ef3c78ee53c79a7b0b9b70cba20aa8973acc694
  languageName: node
  linkType: hard

"scheduler@npm:^0.23.0":
  version: 0.23.0
  resolution: "scheduler@npm:0.23.0"
  dependencies:
    loose-envify: "npm:^1.1.0"
  checksum: 0c4557aa37bafca44ff21dc0ea7c92e2dbcb298bc62eae92b29a39b029134f02fb23917d6ebc8b1fa536b4184934314c20d8864d156a9f6357f3398aaf7bfda8
  languageName: node
  linkType: hard

"typescript@npm:^5.2.2":
  version: 5.2.2
  resolution: "typescript@npm:5.2.2"
  bin:
    tsc: bin/tsc
    tsserver: bin/tsserver
  checksum: d65e50eb849bd21ff8677e5b9447f9c6e74777e346afd67754934264dcbf4bd59e7d2473f6062d9a015d66bd573311166357e3eb07fea0b52859cf9bb2b58555
  languageName: node
  linkType: hard

"typescript@patch:typescript@npm%3A^5.2.2#optional!builtin<compat/typescript>":
  version: 5.2.2
  resolution: "typescript@patch:typescript@npm%3A5.2.2#optional!builtin<compat/typescript>::version=5.2.2&hash=f3b441"
  bin:
    tsc: bin/tsc
    tsserver: bin/tsserver
  checksum: f79cc2ba802c94c2b78dbb00d767a10adb67368ae764709737dc277273ec148aa4558033a03ce901406b35fddf4eac46dabc94a1e1d12d2587e2b9cfe5707b4a
  languageName: node
  linkType: hard

"undici-types@npm:~5.26.4":
  version: 5.26.5
  resolution: "undici-types@npm:5.26.5"
  checksum: 0097779d94bc0fd26f0418b3a05472410408877279141ded2bd449167be1aed7ea5b76f756562cb3586a07f251b90799bab22d9019ceba49c037c76445f7cddd
  languageName: node
  linkType: hard

"universalify@npm:^2.0.0":
  version: 2.0.1
  resolution: "universalify@npm:2.0.1"
  checksum: ecd8469fe0db28e7de9e5289d32bd1b6ba8f7183db34f3bfc4ca53c49891c2d6aa05f3fb3936a81285a905cc509fb641a0c3fc131ec786167eff41236ae32e60
  languageName: node
  linkType: hard

"yocto-queue@npm:^0.1.0":
  version: 0.1.0
  resolution: "yocto-queue@npm:0.1.0"
  checksum: f77b3d8d00310def622123df93d4ee654fc6a0096182af8bd60679ddcdfb3474c56c6c7190817c84a2785648cdee9d721c0154eb45698c62176c322fb46fc700
  languageName: node
  linkType: hard
